
Microsoft Visual Studio Solution File, Format Version 12.00
# Visual Studio 15
VisualStudioVersion = 15.0.27703.2047
MinimumVisualStudioVersion = 10.0.40219.1
Project("{FAE04EC0-301F-11D3-BF4B-00C04F79EFBC}") = "Ejercicio_01", "Ejercicio_01\Ejercicio_01.csproj", "{75F03DDD-575A-4EB3-A15B-B05C53263732}"
EndProject
Project("{FAE04EC0-301F-11D3-BF4B-00C04F79EFBC}") = "Ejercicio_02", "Ejercicio_02\Ejercicio_02.csproj", "{45D4D66A-4256-4299-ACA4-C0CFF85E0F00}"
EndProject
Project("{FAE04EC0-301F-11D3-BF4B-00C04F79EFBC}") = "ejercicio_03", "ejercicio_03\ejercicio_03.csproj", "{B900007F-6AC2-406D-9DC0-BA111116830B}"
EndProject
Project("{FAE04EC0-301F-11D3-BF4B-00C04F79EFBC}") = "Clase_02", "Clase_02\Clase_02.csproj", "{FCA72812-F56D-43A7-B6DD-C4B4CA361030}"
EndProject
Project("{9A19103F-16F7-4668-BE54-9A1E7A4F7556}") = "MiLibreria", "MiLibreria\MiLibreria.csproj", "{020510D0-D5B4-44CF-8320-A7234BDDB349}"
EndProject
Project("{9A19103F-16F7-4668-BE54-9A1E7A4F7556}") = "clase_02.Entidades", "clase_02.Entidades\clase_02.Entidades.csproj", "{61E4041F-F5EF-40A5-961C-67CC332F2502}"
EndProject
Project("{FAE04EC0-301F-11D3-BF4B-00C04F79EFBC}") = "Ejercicio_04", "Ejercicio_04\Ejercicio_04.csproj", "{9DE55C68-9391-436D-A4A3-956FAD06E51F}"
EndProject
Project("{FAE04EC0-301F-11D3-BF4B-00C04F79EFBC}") = "Ejercicio_05", "Ejercicio_05\Ejercicio_05.csproj", "{5C61D52A-C35B-447C-9B6F-507045CAFDA0}"
EndProject
Project("{FAE04EC0-301F-11D3-BF4B-00C04F79EFBC}") = "Ejercicio_06", "Ejercicio_06\Ejercicio_06.csproj", "{8E364C4B-4895-4947-A542-0112948F63F6}"
EndProject
Project("{FAE04EC0-301F-11D3-BF4B-00C04F79EFBC}") = "Ejercicio_07", "Ejercicio_07\Ejercicio_07.csproj", "{5154D6BC-659D-4C0C-903D-6C74B00312A9}"
EndProject
Project("{FAE04EC0-301F-11D3-BF4B-00C04F79EFBC}") = "Ejercicio_08", "Ejercicio_08\Ejercicio_08.csproj", "{E48B0189-DAA2-4089-B24E-3E1957878B04}"
EndProject
Project("{FAE04EC0-301F-11D3-BF4B-00C04F79EFBC}") = "Ejercicio_09", "Ejercicio_09\Ejercicio_09.csproj", "{9365498F-1F70-4DC4-A177-CDB64882FE2E}"
EndProject
Project("{FAE04EC0-301F-11D3-BF4B-00C04F79EFBC}") = "Clase_03", "Clase_03\Clase_03.csproj", "{A14C5CE1-B471-4AA8-9375-565DC329A76E}"
EndProject
Project("{FAE04EC0-301F-11D3-BF4B-00C04F79EFBC}") = "Ejercicio_16", "Ejercicio_16\Ejercicio_16.csproj", "{97CFB4EB-EC3C-4DD7-B608-86F5B400A37F}"
EndProject
Project("{9A19103F-16F7-4668-BE54-9A1E7A4F7556}") = "Clases_4.Entidades", "Clases_4.Entidades\Clases_4.Entidades.csproj", "{C6BF7310-9E37-4CE3-A5EB-69CA47AF084A}"
EndProject
Project("{FAE04EC0-301F-11D3-BF4B-00C04F79EFBC}") = "Clase_04", "Clase_04\Clase_04.csproj", "{809E7866-1F5C-422B-81EC-0F5ABB23B21C}"
EndProject
Project("{FAE04EC0-301F-11D3-BF4B-00C04F79EFBC}") = "Clase_04.WindowsFoms", "Clase_04.WindowsFoms\Clase_04.WindowsFoms.csproj", "{E614338D-1511-4840-820B-28DCE6E14E25}"
EndProject
Project("{FAE04EC0-301F-11D3-BF4B-00C04F79EFBC}") = "Clase_05", "Clase_05\Clase_05.csproj", "{D87F46DA-1142-44BA-B0BB-7EF093A10773}"
EndProject
Project("{FAE04EC0-301F-11D3-BF4B-00C04F79EFBC}") = "Clase_06.Entidades", "Clase_06.Entidades\Clase_06.Entidades.csproj", "{E5A8515D-789F-48A5-B335-A107D33FA18C}"
EndProject
Project("{FAE04EC0-301F-11D3-BF4B-00C04F79EFBC}") = "Clase_07", "Clase_07\Clase_07.csproj", "{E7CE5831-1A2D-4779-9B88-FD604C51D54B}"
EndProject
Project("{FAE04EC0-301F-11D3-BF4B-00C04F79EFBC}") = "Clase_08.Entidades", "Clase_08.Entidades\Clase_08.Entidades.csproj", "{2F67455F-C0FA-472F-9D04-FE15A6F1B91C}"
EndProject
Project("{FAE04EC0-301F-11D3-BF4B-00C04F79EFBC}") = "Clase_08", "Clase_08\Clase_08.csproj", "{54F48418-0F66-4F97-A18F-DAF46FEB487B}"
EndProject
Project("{FAE04EC0-301F-11D3-BF4B-00C04F79EFBC}") = "Clase_09.Entidades", "Clase_09\Clase_09.Entidades.csproj", "{9345B305-4DF5-43B2-88A4-551228336919}"
EndProject
Project("{FAE04EC0-301F-11D3-BF4B-00C04F79EFBC}") = "Clase_09_WindowsForms", "Clase_09_WindowsForms\Clase_09_WindowsForms.csproj", "{3D45E668-0FC3-42EA-8239-2AADDDD1C0E6}"
EndProject
Project("{FAE04EC0-301F-11D3-BF4B-00C04F79EFBC}") = "CentralitaPolimorfismo", "CentralitaPolimorfismo\CentralitaPolimorfismo.csproj", "{C580F676-2398-4F69-A6DA-20CBDF1459DD}"
EndProject
Project("{FAE04EC0-301F-11D3-BF4B-00C04F79EFBC}") = "CentralitaWindowsForms", "CentralitaWindowsForms\CentralitaWindowsForms.csproj", "{4B97D675-79CE-4DF5-8D65-D7847983F3F0}"
EndProject
Project("{FAE04EC0-301F-11D3-BF4B-00C04F79EFBC}") = "ModeloPrimerParcial", "ModeloPrimerParcial\ModeloPrimerParcial.csproj", "{4405C04A-D104-4D98-9ADA-6EB07F34F55F}"
EndProject
Project("{FAE04EC0-301F-11D3-BF4B-00C04F79EFBC}") = "Clase_17.entidades", "Clase_17.entidades\Clase_17.entidades.csproj", "{23561DA7-7FEF-4DD6-A702-C069E05F4057}"
EndProject
Project("{FAE04EC0-301F-11D3-BF4B-00C04F79EFBC}") = "Clase_17", "Clase_17\Clase_17.csproj", "{F50C9181-B46F-4087-8FAB-AA3D354D77E4}"
EndProject
Project("{FAE04EC0-301F-11D3-BF4B-00C04F79EFBC}") = "Clase_17.entidades_2", "Clase_17.entidades_2\Clase_17.entidades_2.csproj", "{49DD3694-2DE0-45F4-98E5-C2763BE25333}"
EndProject
Project("{FAE04EC0-301F-11D3-BF4B-00C04F79EFBC}") = "Clase_17.cocina", "Clase_17.cocina\Clase_17.cocina.csproj", "{889F170D-EF28-4114-9D5D-50D42A090684}"
EndProject
Project("{FAE04EC0-301F-11D3-BF4B-00C04F79EFBC}") = "Clase_17.entidades_3", "Clase_17.entidades_3\Clase_17.entidades_3.csproj", "{4C023FB9-D7F0-4519-BCB5-BDCF876A6877}"
EndProject
Project("{FAE04EC0-301F-11D3-BF4B-00C04F79EFBC}") = "Ejercicio_48", "Ejercicio_48\Ejercicio_48.csproj", "{9588A8E2-20AF-4053-93A2-48DD10A8F8EE}"
EndProject
Project("{FAE04EC0-301F-11D3-BF4B-00C04F79EFBC}") = "Ejercicio_11", "Ejercicio_11\Ejercicio_11.csproj", "{7EEE86C0-9BD1-42BA-8246-4AC47FBA49DD}"
EndProject
Project("{FAE04EC0-301F-11D3-BF4B-00C04F79EFBC}") = "Ejercicio_12", "Ejercicio_12\Ejercicio_12.csproj", "{63E7E717-548D-4034-9DC7-FFB933C8380A}"
EndProject
Project("{FAE04EC0-301F-11D3-BF4B-00C04F79EFBC}") = "Clase_18.Entidades", "Clase_18.Entidades\Clase_18.Entidades.csproj", "{3028D59A-22E4-43F6-A261-C6C30E5BE6A6}"
EndProject
Project("{FAE04EC0-301F-11D3-BF4B-00C04F79EFBC}") = "Clase_18", "Clase_18\Clase_18.csproj", "{9FE4E538-81AE-4B06-9D93-4D329CEC9125}"
EndProject
Project("{FAE04EC0-301F-11D3-BF4B-00C04F79EFBC}") = "Clase_16", "Clase_16\Clase_16.csproj", "{472BC72F-4CEE-4344-A6DF-623CD470052A}"
EndProject
Project("{FAE04EC0-301F-11D3-BF4B-00C04F79EFBC}") = "Clase_19.Consola", "Clase_19.Consola\Clase_19.Consola.csproj", "{6D1D8328-419A-4C47-9C4B-29C98E097BA3}"
EndProject
Project("{FAE04EC0-301F-11D3-BF4B-00C04F79EFBC}") = "Clase_19.Entidades", "Clase_19.Entidades\Clase_19.Entidades.csproj", "{D786F660-E2AB-440C-9AC7-3CBA52CAD012}"
EndProject
Project("{FAE04EC0-301F-11D3-BF4B-00C04F79EFBC}") = "Clase_25.Entidades", "Clase_25.Entidades\Clase_25.Entidades.csproj", "{5A75E36F-28D3-42CB-87F9-21747441CC90}"
EndProject
Project("{FAE04EC0-301F-11D3-BF4B-00C04F79EFBC}") = "Clase_25.Test", "Clase_25.Test\Clase_25.Test.csproj", "{087592AD-C76E-4981-A479-D1559046ECEE}"
EndProject
Project("{FAE04EC0-301F-11D3-BF4B-00C04F79EFBC}") = "Clase_25.WF", "FrmEmpleado\Clase_25.WF.csproj", "{153FA541-5596-47C0-A381-444F3B59E345}"
EndProject
Project("{2150E333-8FDC-42A3-9474-1A3956D46DE8}") = "Ejercicios", "Ejercicios", "{A396C20A-072F-4398-B2BD-E82749B9B952}"
EndProject
Project("{FAE04EC0-301F-11D3-BF4B-00C04F79EFBC}") = "Clase_26", "Clase_26\Clase_26.csproj", "{6FF12DFA-7288-4881-B873-3F09424EF240}"
EndProject
Project("{FAE04EC0-301F-11D3-BF4B-00C04F79EFBC}") = "Clase_26.Consola", "Clase_26.Consola\Clase_26.Consola.csproj", "{BD0CEC12-7C3C-47DD-9F5F-8391B6C2A790}"
EndProject
Global
	GlobalSection(SolutionConfigurationPlatforms) = preSolution
		Debug|Any CPU = Debug|Any CPU
		Release|Any CPU = Release|Any CPU
	EndGlobalSection
	GlobalSection(ProjectConfigurationPlatforms) = postSolution
		{75F03DDD-575A-4EB3-A15B-B05C53263732}.Debug|Any CPU.ActiveCfg = Debug|Any CPU
		{75F03DDD-575A-4EB3-A15B-B05C53263732}.Debug|Any CPU.Build.0 = Debug|Any CPU
		{75F03DDD-575A-4EB3-A15B-B05C53263732}.Release|Any CPU.ActiveCfg = Release|Any CPU
		{75F03DDD-575A-4EB3-A15B-B05C53263732}.Release|Any CPU.Build.0 = Release|Any CPU
		{45D4D66A-4256-4299-ACA4-C0CFF85E0F00}.Debug|Any CPU.ActiveCfg = Debug|Any CPU
		{45D4D66A-4256-4299-ACA4-C0CFF85E0F00}.Debug|Any CPU.Build.0 = Debug|Any CPU
		{45D4D66A-4256-4299-ACA4-C0CFF85E0F00}.Release|Any CPU.ActiveCfg = Release|Any CPU
		{45D4D66A-4256-4299-ACA4-C0CFF85E0F00}.Release|Any CPU.Build.0 = Release|Any CPU
		{B900007F-6AC2-406D-9DC0-BA111116830B}.Debug|Any CPU.ActiveCfg = Debug|Any CPU
		{B900007F-6AC2-406D-9DC0-BA111116830B}.Debug|Any CPU.Build.0 = Debug|Any CPU
		{B900007F-6AC2-406D-9DC0-BA111116830B}.Release|Any CPU.ActiveCfg = Release|Any CPU
		{B900007F-6AC2-406D-9DC0-BA111116830B}.Release|Any CPU.Build.0 = Release|Any CPU
		{FCA72812-F56D-43A7-B6DD-C4B4CA361030}.Debug|Any CPU.ActiveCfg = Debug|Any CPU
		{FCA72812-F56D-43A7-B6DD-C4B4CA361030}.Debug|Any CPU.Build.0 = Debug|Any CPU
		{FCA72812-F56D-43A7-B6DD-C4B4CA361030}.Release|Any CPU.ActiveCfg = Release|Any CPU
		{FCA72812-F56D-43A7-B6DD-C4B4CA361030}.Release|Any CPU.Build.0 = Release|Any CPU
		{020510D0-D5B4-44CF-8320-A7234BDDB349}.Debug|Any CPU.ActiveCfg = Debug|Any CPU
		{020510D0-D5B4-44CF-8320-A7234BDDB349}.Debug|Any CPU.Build.0 = Debug|Any CPU
		{020510D0-D5B4-44CF-8320-A7234BDDB349}.Release|Any CPU.ActiveCfg = Release|Any CPU
		{020510D0-D5B4-44CF-8320-A7234BDDB349}.Release|Any CPU.Build.0 = Release|Any CPU
		{61E4041F-F5EF-40A5-961C-67CC332F2502}.Debug|Any CPU.ActiveCfg = Debug|Any CPU
		{61E4041F-F5EF-40A5-961C-67CC332F2502}.Debug|Any CPU.Build.0 = Debug|Any CPU
		{61E4041F-F5EF-40A5-961C-67CC332F2502}.Release|Any CPU.ActiveCfg = Release|Any CPU
		{61E4041F-F5EF-40A5-961C-67CC332F2502}.Release|Any CPU.Build.0 = Release|Any CPU
		{9DE55C68-9391-436D-A4A3-956FAD06E51F}.Debug|Any CPU.ActiveCfg = Debug|Any CPU
		{9DE55C68-9391-436D-A4A3-956FAD06E51F}.Debug|Any CPU.Build.0 = Debug|Any CPU
		{9DE55C68-9391-436D-A4A3-956FAD06E51F}.Release|Any CPU.ActiveCfg = Release|Any CPU
		{9DE55C68-9391-436D-A4A3-956FAD06E51F}.Release|Any CPU.Build.0 = Release|Any CPU
		{5C61D52A-C35B-447C-9B6F-507045CAFDA0}.Debug|Any CPU.ActiveCfg = Debug|Any CPU
		{5C61D52A-C35B-447C-9B6F-507045CAFDA0}.Debug|Any CPU.Build.0 = Debug|Any CPU
		{5C61D52A-C35B-447C-9B6F-507045CAFDA0}.Release|Any CPU.ActiveCfg = Release|Any CPU
		{5C61D52A-C35B-447C-9B6F-507045CAFDA0}.Release|Any CPU.Build.0 = Release|Any CPU
		{8E364C4B-4895-4947-A542-0112948F63F6}.Debug|Any CPU.ActiveCfg = Debug|Any CPU
		{8E364C4B-4895-4947-A542-0112948F63F6}.Debug|Any CPU.Build.0 = Debug|Any CPU
		{8E364C4B-4895-4947-A542-0112948F63F6}.Release|Any CPU.ActiveCfg = Release|Any CPU
		{8E364C4B-4895-4947-A542-0112948F63F6}.Release|Any CPU.Build.0 = Release|Any CPU
		{5154D6BC-659D-4C0C-903D-6C74B00312A9}.Debug|Any CPU.ActiveCfg = Debug|Any CPU
		{5154D6BC-659D-4C0C-903D-6C74B00312A9}.Debug|Any CPU.Build.0 = Debug|Any CPU
		{5154D6BC-659D-4C0C-903D-6C74B00312A9}.Release|Any CPU.ActiveCfg = Release|Any CPU
		{5154D6BC-659D-4C0C-903D-6C74B00312A9}.Release|Any CPU.Build.0 = Release|Any CPU
		{E48B0189-DAA2-4089-B24E-3E1957878B04}.Debug|Any CPU.ActiveCfg = Debug|Any CPU
		{E48B0189-DAA2-4089-B24E-3E1957878B04}.Debug|Any CPU.Build.0 = Debug|Any CPU
		{E48B0189-DAA2-4089-B24E-3E1957878B04}.Release|Any CPU.ActiveCfg = Release|Any CPU
		{E48B0189-DAA2-4089-B24E-3E1957878B04}.Release|Any CPU.Build.0 = Release|Any CPU
		{9365498F-1F70-4DC4-A177-CDB64882FE2E}.Debug|Any CPU.ActiveCfg = Debug|Any CPU
		{9365498F-1F70-4DC4-A177-CDB64882FE2E}.Debug|Any CPU.Build.0 = Debug|Any CPU
		{9365498F-1F70-4DC4-A177-CDB64882FE2E}.Release|Any CPU.ActiveCfg = Release|Any CPU
		{9365498F-1F70-4DC4-A177-CDB64882FE2E}.Release|Any CPU.Build.0 = Release|Any CPU
		{A14C5CE1-B471-4AA8-9375-565DC329A76E}.Debug|Any CPU.ActiveCfg = Debug|Any CPU
		{A14C5CE1-B471-4AA8-9375-565DC329A76E}.Debug|Any CPU.Build.0 = Debug|Any CPU
		{A14C5CE1-B471-4AA8-9375-565DC329A76E}.Release|Any CPU.ActiveCfg = Release|Any CPU
		{A14C5CE1-B471-4AA8-9375-565DC329A76E}.Release|Any CPU.Build.0 = Release|Any CPU
		{97CFB4EB-EC3C-4DD7-B608-86F5B400A37F}.Debug|Any CPU.ActiveCfg = Debug|Any CPU
		{97CFB4EB-EC3C-4DD7-B608-86F5B400A37F}.Debug|Any CPU.Build.0 = Debug|Any CPU
		{97CFB4EB-EC3C-4DD7-B608-86F5B400A37F}.Release|Any CPU.ActiveCfg = Release|Any CPU
		{97CFB4EB-EC3C-4DD7-B608-86F5B400A37F}.Release|Any CPU.Build.0 = Release|Any CPU
		{C6BF7310-9E37-4CE3-A5EB-69CA47AF084A}.Debug|Any CPU.ActiveCfg = Debug|Any CPU
		{C6BF7310-9E37-4CE3-A5EB-69CA47AF084A}.Debug|Any CPU.Build.0 = Debug|Any CPU
		{C6BF7310-9E37-4CE3-A5EB-69CA47AF084A}.Release|Any CPU.ActiveCfg = Release|Any CPU
		{C6BF7310-9E37-4CE3-A5EB-69CA47AF084A}.Release|Any CPU.Build.0 = Release|Any CPU
		{809E7866-1F5C-422B-81EC-0F5ABB23B21C}.Debug|Any CPU.ActiveCfg = Debug|Any CPU
		{809E7866-1F5C-422B-81EC-0F5ABB23B21C}.Debug|Any CPU.Build.0 = Debug|Any CPU
		{809E7866-1F5C-422B-81EC-0F5ABB23B21C}.Release|Any CPU.ActiveCfg = Release|Any CPU
		{809E7866-1F5C-422B-81EC-0F5ABB23B21C}.Release|Any CPU.Build.0 = Release|Any CPU
		{E614338D-1511-4840-820B-28DCE6E14E25}.Debug|Any CPU.ActiveCfg = Debug|Any CPU
		{E614338D-1511-4840-820B-28DCE6E14E25}.Debug|Any CPU.Build.0 = Debug|Any CPU
		{E614338D-1511-4840-820B-28DCE6E14E25}.Release|Any CPU.ActiveCfg = Release|Any CPU
		{E614338D-1511-4840-820B-28DCE6E14E25}.Release|Any CPU.Build.0 = Release|Any CPU
		{D87F46DA-1142-44BA-B0BB-7EF093A10773}.Debug|Any CPU.ActiveCfg = Debug|Any CPU
		{D87F46DA-1142-44BA-B0BB-7EF093A10773}.Debug|Any CPU.Build.0 = Debug|Any CPU
		{D87F46DA-1142-44BA-B0BB-7EF093A10773}.Release|Any CPU.ActiveCfg = Release|Any CPU
		{D87F46DA-1142-44BA-B0BB-7EF093A10773}.Release|Any CPU.Build.0 = Release|Any CPU
		{E5A8515D-789F-48A5-B335-A107D33FA18C}.Debug|Any CPU.ActiveCfg = Debug|Any CPU
		{E5A8515D-789F-48A5-B335-A107D33FA18C}.Debug|Any CPU.Build.0 = Debug|Any CPU
		{E5A8515D-789F-48A5-B335-A107D33FA18C}.Release|Any CPU.ActiveCfg = Release|Any CPU
		{E5A8515D-789F-48A5-B335-A107D33FA18C}.Release|Any CPU.Build.0 = Release|Any CPU
		{E7CE5831-1A2D-4779-9B88-FD604C51D54B}.Debug|Any CPU.ActiveCfg = Debug|Any CPU
		{E7CE5831-1A2D-4779-9B88-FD604C51D54B}.Debug|Any CPU.Build.0 = Debug|Any CPU
		{E7CE5831-1A2D-4779-9B88-FD604C51D54B}.Release|Any CPU.ActiveCfg = Release|Any CPU
		{E7CE5831-1A2D-4779-9B88-FD604C51D54B}.Release|Any CPU.Build.0 = Release|Any CPU
		{2F67455F-C0FA-472F-9D04-FE15A6F1B91C}.Debug|Any CPU.ActiveCfg = Debug|Any CPU
		{2F67455F-C0FA-472F-9D04-FE15A6F1B91C}.Debug|Any CPU.Build.0 = Debug|Any CPU
		{2F67455F-C0FA-472F-9D04-FE15A6F1B91C}.Release|Any CPU.ActiveCfg = Release|Any CPU
		{2F67455F-C0FA-472F-9D04-FE15A6F1B91C}.Release|Any CPU.Build.0 = Release|Any CPU
		{54F48418-0F66-4F97-A18F-DAF46FEB487B}.Debug|Any CPU.ActiveCfg = Debug|Any CPU
		{54F48418-0F66-4F97-A18F-DAF46FEB487B}.Debug|Any CPU.Build.0 = Debug|Any CPU
		{54F48418-0F66-4F97-A18F-DAF46FEB487B}.Release|Any CPU.ActiveCfg = Release|Any CPU
		{54F48418-0F66-4F97-A18F-DAF46FEB487B}.Release|Any CPU.Build.0 = Release|Any CPU
		{9345B305-4DF5-43B2-88A4-551228336919}.Debug|Any CPU.ActiveCfg = Debug|Any CPU
		{9345B305-4DF5-43B2-88A4-551228336919}.Debug|Any CPU.Build.0 = Debug|Any CPU
		{9345B305-4DF5-43B2-88A4-551228336919}.Release|Any CPU.ActiveCfg = Release|Any CPU
		{9345B305-4DF5-43B2-88A4-551228336919}.Release|Any CPU.Build.0 = Release|Any CPU
		{3D45E668-0FC3-42EA-8239-2AADDDD1C0E6}.Debug|Any CPU.ActiveCfg = Debug|Any CPU
		{3D45E668-0FC3-42EA-8239-2AADDDD1C0E6}.Debug|Any CPU.Build.0 = Debug|Any CPU
		{3D45E668-0FC3-42EA-8239-2AADDDD1C0E6}.Release|Any CPU.ActiveCfg = Release|Any CPU
		{3D45E668-0FC3-42EA-8239-2AADDDD1C0E6}.Release|Any CPU.Build.0 = Release|Any CPU
		{C580F676-2398-4F69-A6DA-20CBDF1459DD}.Debug|Any CPU.ActiveCfg = Debug|Any CPU
		{C580F676-2398-4F69-A6DA-20CBDF1459DD}.Debug|Any CPU.Build.0 = Debug|Any CPU
		{C580F676-2398-4F69-A6DA-20CBDF1459DD}.Release|Any CPU.ActiveCfg = Release|Any CPU
		{C580F676-2398-4F69-A6DA-20CBDF1459DD}.Release|Any CPU.Build.0 = Release|Any CPU
		{4B97D675-79CE-4DF5-8D65-D7847983F3F0}.Debug|Any CPU.ActiveCfg = Debug|Any CPU
		{4B97D675-79CE-4DF5-8D65-D7847983F3F0}.Debug|Any CPU.Build.0 = Debug|Any CPU
		{4B97D675-79CE-4DF5-8D65-D7847983F3F0}.Release|Any CPU.ActiveCfg = Release|Any CPU
		{4B97D675-79CE-4DF5-8D65-D7847983F3F0}.Release|Any CPU.Build.0 = Release|Any CPU
		{4405C04A-D104-4D98-9ADA-6EB07F34F55F}.Debug|Any CPU.ActiveCfg = Debug|Any CPU
		{4405C04A-D104-4D98-9ADA-6EB07F34F55F}.Debug|Any CPU.Build.0 = Debug|Any CPU
		{4405C04A-D104-4D98-9ADA-6EB07F34F55F}.Release|Any CPU.ActiveCfg = Release|Any CPU
		{4405C04A-D104-4D98-9ADA-6EB07F34F55F}.Release|Any CPU.Build.0 = Release|Any CPU
		{23561DA7-7FEF-4DD6-A702-C069E05F4057}.Debug|Any CPU.ActiveCfg = Debug|Any CPU
		{23561DA7-7FEF-4DD6-A702-C069E05F4057}.Debug|Any CPU.Build.0 = Debug|Any CPU
		{23561DA7-7FEF-4DD6-A702-C069E05F4057}.Release|Any CPU.ActiveCfg = Release|Any CPU
		{23561DA7-7FEF-4DD6-A702-C069E05F4057}.Release|Any CPU.Build.0 = Release|Any CPU
		{F50C9181-B46F-4087-8FAB-AA3D354D77E4}.Debug|Any CPU.ActiveCfg = Debug|Any CPU
		{F50C9181-B46F-4087-8FAB-AA3D354D77E4}.Debug|Any CPU.Build.0 = Debug|Any CPU
		{F50C9181-B46F-4087-8FAB-AA3D354D77E4}.Release|Any CPU.ActiveCfg = Release|Any CPU
		{F50C9181-B46F-4087-8FAB-AA3D354D77E4}.Release|Any CPU.Build.0 = Release|Any CPU
		{49DD3694-2DE0-45F4-98E5-C2763BE25333}.Debug|Any CPU.ActiveCfg = Debug|Any CPU
		{49DD3694-2DE0-45F4-98E5-C2763BE25333}.Debug|Any CPU.Build.0 = Debug|Any CPU
		{49DD3694-2DE0-45F4-98E5-C2763BE25333}.Release|Any CPU.ActiveCfg = Release|Any CPU
		{49DD3694-2DE0-45F4-98E5-C2763BE25333}.Release|Any CPU.Build.0 = Release|Any CPU
		{889F170D-EF28-4114-9D5D-50D42A090684}.Debug|Any CPU.ActiveCfg = Debug|Any CPU
		{889F170D-EF28-4114-9D5D-50D42A090684}.Debug|Any CPU.Build.0 = Debug|Any CPU
		{889F170D-EF28-4114-9D5D-50D42A090684}.Release|Any CPU.ActiveCfg = Release|Any CPU
		{889F170D-EF28-4114-9D5D-50D42A090684}.Release|Any CPU.Build.0 = Release|Any CPU
		{4C023FB9-D7F0-4519-BCB5-BDCF876A6877}.Debug|Any CPU.ActiveCfg = Debug|Any CPU
		{4C023FB9-D7F0-4519-BCB5-BDCF876A6877}.Debug|Any CPU.Build.0 = Debug|Any CPU
		{4C023FB9-D7F0-4519-BCB5-BDCF876A6877}.Release|Any CPU.ActiveCfg = Release|Any CPU
		{4C023FB9-D7F0-4519-BCB5-BDCF876A6877}.Release|Any CPU.Build.0 = Release|Any CPU
		{9588A8E2-20AF-4053-93A2-48DD10A8F8EE}.Debug|Any CPU.ActiveCfg = Debug|Any CPU
		{9588A8E2-20AF-4053-93A2-48DD10A8F8EE}.Debug|Any CPU.Build.0 = Debug|Any CPU
		{9588A8E2-20AF-4053-93A2-48DD10A8F8EE}.Release|Any CPU.ActiveCfg = Release|Any CPU
		{9588A8E2-20AF-4053-93A2-48DD10A8F8EE}.Release|Any CPU.Build.0 = Release|Any CPU
		{7EEE86C0-9BD1-42BA-8246-4AC47FBA49DD}.Debug|Any CPU.ActiveCfg = Debug|Any CPU
		{7EEE86C0-9BD1-42BA-8246-4AC47FBA49DD}.Debug|Any CPU.Build.0 = Debug|Any CPU
		{7EEE86C0-9BD1-42BA-8246-4AC47FBA49DD}.Release|Any CPU.ActiveCfg = Release|Any CPU
		{7EEE86C0-9BD1-42BA-8246-4AC47FBA49DD}.Release|Any CPU.Build.0 = Release|Any CPU
		{63E7E717-548D-4034-9DC7-FFB933C8380A}.Debug|Any CPU.ActiveCfg = Debug|Any CPU
		{63E7E717-548D-4034-9DC7-FFB933C8380A}.Debug|Any CPU.Build.0 = Debug|Any CPU
		{63E7E717-548D-4034-9DC7-FFB933C8380A}.Release|Any CPU.ActiveCfg = Release|Any CPU
		{63E7E717-548D-4034-9DC7-FFB933C8380A}.Release|Any CPU.Build.0 = Release|Any CPU
		{3028D59A-22E4-43F6-A261-C6C30E5BE6A6}.Debug|Any CPU.ActiveCfg = Debug|Any CPU
		{3028D59A-22E4-43F6-A261-C6C30E5BE6A6}.Debug|Any CPU.Build.0 = Debug|Any CPU
		{3028D59A-22E4-43F6-A261-C6C30E5BE6A6}.Release|Any CPU.ActiveCfg = Release|Any CPU
		{3028D59A-22E4-43F6-A261-C6C30E5BE6A6}.Release|Any CPU.Build.0 = Release|Any CPU
		{9FE4E538-81AE-4B06-9D93-4D329CEC9125}.Debug|Any CPU.ActiveCfg = Debug|Any CPU
		{9FE4E538-81AE-4B06-9D93-4D329CEC9125}.Debug|Any CPU.Build.0 = Debug|Any CPU
		{9FE4E538-81AE-4B06-9D93-4D329CEC9125}.Release|Any CPU.ActiveCfg = Release|Any CPU
		{9FE4E538-81AE-4B06-9D93-4D329CEC9125}.Release|Any CPU.Build.0 = Release|Any CPU
		{472BC72F-4CEE-4344-A6DF-623CD470052A}.Debug|Any CPU.ActiveCfg = Debug|Any CPU
		{472BC72F-4CEE-4344-A6DF-623CD470052A}.Debug|Any CPU.Build.0 = Debug|Any CPU
		{472BC72F-4CEE-4344-A6DF-623CD470052A}.Release|Any CPU.ActiveCfg = Release|Any CPU
		{472BC72F-4CEE-4344-A6DF-623CD470052A}.Release|Any CPU.Build.0 = Release|Any CPU
		{6D1D8328-419A-4C47-9C4B-29C98E097BA3}.Debug|Any CPU.ActiveCfg = Debug|Any CPU
		{6D1D8328-419A-4C47-9C4B-29C98E097BA3}.Debug|Any CPU.Build.0 = Debug|Any CPU
		{6D1D8328-419A-4C47-9C4B-29C98E097BA3}.Release|Any CPU.ActiveCfg = Release|Any CPU
		{6D1D8328-419A-4C47-9C4B-29C98E097BA3}.Release|Any CPU.Build.0 = Release|Any CPU
		{D786F660-E2AB-440C-9AC7-3CBA52CAD012}.Debug|Any CPU.ActiveCfg = Debug|Any CPU
		{D786F660-E2AB-440C-9AC7-3CBA52CAD012}.Debug|Any CPU.Build.0 = Debug|Any CPU
		{D786F660-E2AB-440C-9AC7-3CBA52CAD012}.Release|Any CPU.ActiveCfg = Release|Any CPU
		{D786F660-E2AB-440C-9AC7-3CBA52CAD012}.Release|Any CPU.Build.0 = Release|Any CPU
		{5A75E36F-28D3-42CB-87F9-21747441CC90}.Debug|Any CPU.ActiveCfg = Debug|Any CPU
		{5A75E36F-28D3-42CB-87F9-21747441CC90}.Debug|Any CPU.Build.0 = Debug|Any CPU
		{5A75E36F-28D3-42CB-87F9-21747441CC90}.Release|Any CPU.ActiveCfg = Release|Any CPU
		{5A75E36F-28D3-42CB-87F9-21747441CC90}.Release|Any CPU.Build.0 = Release|Any CPU
		{087592AD-C76E-4981-A479-D1559046ECEE}.Debug|Any CPU.ActiveCfg = Debug|Any CPU
		{087592AD-C76E-4981-A479-D1559046ECEE}.Debug|Any CPU.Build.0 = Debug|Any CPU
		{087592AD-C76E-4981-A479-D1559046ECEE}.Release|Any CPU.ActiveCfg = Release|Any CPU
		{087592AD-C76E-4981-A479-D1559046ECEE}.Release|Any CPU.Build.0 = Release|Any CPU
		{153FA541-5596-47C0-A381-444F3B59E345}.Debug|Any CPU.ActiveCfg = Debug|Any CPU
		{153FA541-5596-47C0-A381-444F3B59E345}.Debug|Any CPU.Build.0 = Debug|Any CPU
		{153FA541-5596-47C0-A381-444F3B59E345}.Release|Any CPU.ActiveCfg = Release|Any CPU
		{153FA541-5596-47C0-A381-444F3B59E345}.Release|Any CPU.Build.0 = Release|Any CPU
		{6FF12DFA-7288-4881-B873-3F09424EF240}.Debug|Any CPU.ActiveCfg = Debug|Any CPU
		{6FF12DFA-7288-4881-B873-3F09424EF240}.Debug|Any CPU.Build.0 = Debug|Any CPU
		{6FF12DFA-7288-4881-B873-3F09424EF240}.Release|Any CPU.ActiveCfg = Release|Any CPU
		{6FF12DFA-7288-4881-B873-3F09424EF240}.Release|Any CPU.Build.0 = Release|Any CPU
		{BD0CEC12-7C3C-47DD-9F5F-8391B6C2A790}.Debug|Any CPU.ActiveCfg = Debug|Any CPU
		{BD0CEC12-7C3C-47DD-9F5F-8391B6C2A790}.Debug|Any CPU.Build.0 = Debug|Any CPU
		{BD0CEC12-7C3C-47DD-9F5F-8391B6C2A790}.Release|Any CPU.ActiveCfg = Release|Any CPU
		{BD0CEC12-7C3C-47DD-9F5F-8391B6C2A790}.Release|Any CPU.Build.0 = Release|Any CPU
	EndGlobalSection
	GlobalSection(SolutionProperties) = preSolution
		HideSolutionNode = FALSE
	EndGlobalSection
	GlobalSection(NestedProjects) = preSolution
		{75F03DDD-575A-4EB3-A15B-B05C53263732} = {A396C20A-072F-4398-B2BD-E82749B9B952}
		{45D4D66A-4256-4299-ACA4-C0CFF85E0F00} = {A396C20A-072F-4398-B2BD-E82749B9B952}
		{B900007F-6AC2-406D-9DC0-BA111116830B} = {A396C20A-072F-4398-B2BD-E82749B9B952}
		{9DE55C68-9391-436D-A4A3-956FAD06E51F} = {A396C20A-072F-4398-B2BD-E82749B9B952}
		{5C61D52A-C35B-447C-9B6F-507045CAFDA0} = {A396C20A-072F-4398-B2BD-E82749B9B952}
		{8E364C4B-4895-4947-A542-0112948F63F6} = {A396C20A-072F-4398-B2BD-E82749B9B952}
		{5154D6BC-659D-4C0C-903D-6C74B00312A9} = {A396C20A-072F-4398-B2BD-E82749B9B952}
		{E48B0189-DAA2-4089-B24E-3E1957878B04} = {A396C20A-072F-4398-B2BD-E82749B9B952}
		{9365498F-1F70-4DC4-A177-CDB64882FE2E} = {A396C20A-072F-4398-B2BD-E82749B9B952}
		{97CFB4EB-EC3C-4DD7-B608-86F5B400A37F} = {A396C20A-072F-4398-B2BD-E82749B9B952}
		{9588A8E2-20AF-4053-93A2-48DD10A8F8EE} = {A396C20A-072F-4398-B2BD-E82749B9B952}
		{7EEE86C0-9BD1-42BA-8246-4AC47FBA49DD} = {A396C20A-072F-4398-B2BD-E82749B9B952}
		{63E7E717-548D-4034-9DC7-FFB933C8380A} = {A396C20A-072F-4398-B2BD-E82749B9B952}
	EndGlobalSection
	GlobalSection(ExtensibilityGlobals) = postSolution
		SolutionGuid = {6FF87A5C-58F0-4410-908A-795D3541F5F1}
	EndGlobalSection
EndGlobal
